
Microsoft Visual Studio Solution File, Format Version 12.00
# Visual Studio Version 16
VisualStudioVersion = 16.0.32228.343
MinimumVisualStudioVersion = 10.0.40219.1
Project("{159641D6-6404-4A2A-AE62-294DE0FE8301}") = "ISP EXCEL", "ISP EXCEL\ISP EXCEL.dtproj", "{59C3796B-FDCC-40AE-BC41-95D7E1EAFF95}"
EndProject
Global
	GlobalSection(SolutionConfigurationPlatforms) = preSolution
		Development|Default = Development|Default
	EndGlobalSection
	GlobalSection(ProjectConfigurationPlatforms) = postSolution
		{59C3796B-FDCC-40AE-BC41-95D7E1EAFF95}.Development|Default.ActiveCfg = Development
		{59C3796B-FDCC-40AE-BC41-95D7E1EAFF95}.Development|Default.Build.0 = Development
	EndGlobalSection
	GlobalSection(SolutionProperties) = preSolution
		HideSolutionNode = FALSE
	EndGlobalSection
	GlobalSection(ExtensibilityGlobals) = postSolution
		SolutionGuid = {B21DD3E3-F5D4-4EA9-8199-52105887E964}
	EndGlobalSection
EndGlobal
